
Microsoft Visual Studio Solution File, Format Version 12.00
# Visual Studio Version 17
VisualStudioVersion = 17.11.35312.102
MinimumVisualStudioVersion = 10.0.40219.1
Project("{FAE04EC0-301F-11D3-BF4B-00C04F79EFBC}") = "EventSchedulerImplementaion", "EventSchedulerImplementaion\EventSchedulerImplementaion.csproj", "{9765CDF3-AF4C-43E3-B3BC-141487C7B19D}"
EndProject
Global
	GlobalSection(SolutionConfigurationPlatforms) = preSolution
		Debug|Any CPU = Debug|Any CPU
		Release|Any CPU = Release|Any CPU
	EndGlobalSection
	GlobalSection(ProjectConfigurationPlatforms) = postSolution
		{9765CDF3-AF4C-43E3-B3BC-141487C7B19D}.Debug|Any CPU.ActiveCfg = Debug|Any CPU
		{9765CDF3-AF4C-43E3-B3BC-141487C7B19D}.Debug|Any CPU.Build.0 = Debug|Any CPU
		{9765CDF3-AF4C-43E3-B3BC-141487C7B19D}.Release|Any CPU.ActiveCfg = Release|Any CPU
		{9765CDF3-AF4C-43E3-B3BC-141487C7B19D}.Release|Any CPU.Build.0 = Release|Any CPU
	EndGlobalSection
	GlobalSection(SolutionProperties) = preSolution
		HideSolutionNode = FALSE
	EndGlobalSection
	GlobalSection(ExtensibilityGlobals) = postSolution
		SolutionGuid = {2978D9F0-AA01-4CFE-994B-9F39DFED17D7}
	EndGlobalSection
EndGlobal
